
Microsoft Visual Studio Solution File, Format Version 12.00
# Visual Studio Version 16
VisualStudioVersion = 16.0.30320.27
MinimumVisualStudioVersion = 10.0.40219.1
Project("{FAE04EC0-301F-11D3-BF4B-00C04F79EFBC}") = "RabbitMqClient", "RabbitMqClient\RabbitMqClient.csproj", "{4AFED9D0-9ED5-4DB2-A25C-F94382157068}"
EndProject
Global
	GlobalSection(SolutionConfigurationPlatforms) = preSolution
		Debug|Any CPU = Debug|Any CPU
		Release|Any CPU = Release|Any CPU
	EndGlobalSection
	GlobalSection(ProjectConfigurationPlatforms) = postSolution
		{4AFED9D0-9ED5-4DB2-A25C-F94382157068}.Debug|Any CPU.ActiveCfg = Debug|Any CPU
		{4AFED9D0-9ED5-4DB2-A25C-F94382157068}.Debug|Any CPU.Build.0 = Debug|Any CPU
		{4AFED9D0-9ED5-4DB2-A25C-F94382157068}.Release|Any CPU.ActiveCfg = Release|Any CPU
		{4AFED9D0-9ED5-4DB2-A25C-F94382157068}.Release|Any CPU.Build.0 = Release|Any CPU
	EndGlobalSection
	GlobalSection(SolutionProperties) = preSolution
		HideSolutionNode = FALSE
	EndGlobalSection
	GlobalSection(ExtensibilityGlobals) = postSolution
		SolutionGuid = {FACC6BDA-5F5B-46B5-BFA5-3CC1AC88E1A5}
	EndGlobalSection
EndGlobal
